
Microsoft Visual Studio Solution File, Format Version 9.00
Project("{8BC9CEB8-8B4A-11D0-8D11-00A0C91BC942}") = "LocalPrintQueueAndCollectionAccess", "LocalPrintQueueAndCollectionAccess.vcproj", "{36D64521-9A75-47AC-AB72-35597133C258}"
EndProject
Global
	GlobalSection(SolutionConfigurationPlatforms) = preSolution
		Debug|Win32 = Debug|Win32
		Release|Win32 = Release|Win32
	EndGlobalSection
	GlobalSection(ProjectConfigurationPlatforms) = postSolution
		{36D64521-9A75-47AC-AB72-35597133C258}.Debug|Win32.ActiveCfg = Debug|Win32
		{36D64521-9A75-47AC-AB72-35597133C258}.Debug|Win32.Build.0 = Debug|Win32
		{36D64521-9A75-47AC-AB72-35597133C258}.Release|Win32.ActiveCfg = Release|Win32
		{36D64521-9A75-47AC-AB72-35597133C258}.Release|Win32.Build.0 = Release|Win32
	EndGlobalSection
	GlobalSection(SolutionProperties) = preSolution
		HideSolutionNode = FALSE
	EndGlobalSection
EndGlobal
