Microsoft Visual Studio Solution File, Format Version 8.00
Project("{FAE04EC0-301F-11D3-BF4B-00C04F79EFBC}") = "RemoteClientCs", "VSProj\RemoteClientCs.csproj", "{248EB720-ECE0-4B60-9FB2-0A6EE8ACBFF5}"
	ProjectSection(ProjectDependencies) = postProject
		{648EB720-ECE0-4B60-9FB2-0A6EE8ACBFF5} = {648EB720-ECE0-4B60-9FB2-0A6EE8ACBFF5}
		{148EB720-ECE0-4B60-9FB2-0A6EE8ACBFF5} = {148EB720-ECE0-4B60-9FB2-0A6EE8ACBFF5}
	EndProjectSection
EndProject
Project("{FAE04EC0-301F-11D3-BF4B-00C04F79EFBC}") = "RemoteHostCs", "VSProj\RemoteHostCs.csproj", "{148EB720-ECE0-4B60-9FB2-0A6EE8ACBFF5}"
	ProjectSection(ProjectDependencies) = postProject
		{348EB720-ECE0-4B60-9FB2-0A6EE8ACBFF5} = {348EB720-ECE0-4B60-9FB2-0A6EE8ACBFF5}
		{648EB720-ECE0-4B60-9FB2-0A6EE8ACBFF5} = {648EB720-ECE0-4B60-9FB2-0A6EE8ACBFF5}
	EndProjectSection
EndProject
Project("{FAE04EC0-301F-11D3-BF4B-00C04F79EFBC}") = "RemotableObjectCs", "VSProj\RemotableObjectCs.csproj", "{348EB720-ECE0-4B60-9FB2-0A6EE8ACBFF5}"
	ProjectSection(ProjectDependencies) = postProject
		{648EB720-ECE0-4B60-9FB2-0A6EE8ACBFF5} = {648EB720-ECE0-4B60-9FB2-0A6EE8ACBFF5}
	EndProjectSection
EndProject
Project("{FAE04EC0-301F-11D3-BF4B-00C04F79EFBC}") = "RemotableInterfaceCs", "VSProj\RemotableInterfaceCs.csproj", "{648EB720-ECE0-4B60-9FB2-0A6EE8ACBFF5}"
EndProject
Global
	GlobalSection(SolutionConfiguration) = preSolution
		Debug = Debug
		Release = Release
	EndGlobalSection
	GlobalSection(ProjectConfiguration) = postSolution
		{248EB720-ECE0-4B60-9FB2-0A6EE8ACBFF5}.Debug.ActiveCfg = Debug|.NET
		{248EB720-ECE0-4B60-9FB2-0A6EE8ACBFF5}.Debug.Build.0 = Debug|.NET
		{248EB720-ECE0-4B60-9FB2-0A6EE8ACBFF5}.Release.ActiveCfg = Release|.NET
		{248EB720-ECE0-4B60-9FB2-0A6EE8ACBFF5}.Release.Build.0 = Release|.NET
		{148EB720-ECE0-4B60-9FB2-0A6EE8ACBFF5}.Debug.ActiveCfg = Debug|.NET
		{148EB720-ECE0-4B60-9FB2-0A6EE8ACBFF5}.Debug.Build.0 = Debug|.NET
		{148EB720-ECE0-4B60-9FB2-0A6EE8ACBFF5}.Release.ActiveCfg = Release|.NET
		{148EB720-ECE0-4B60-9FB2-0A6EE8ACBFF5}.Release.Build.0 = Release|.NET
		{348EB720-ECE0-4B60-9FB2-0A6EE8ACBFF5}.Debug.ActiveCfg = Debug|.NET
		{348EB720-ECE0-4B60-9FB2-0A6EE8ACBFF5}.Debug.Build.0 = Debug|.NET
		{348EB720-ECE0-4B60-9FB2-0A6EE8ACBFF5}.Release.ActiveCfg = Release|.NET
		{348EB720-ECE0-4B60-9FB2-0A6EE8ACBFF5}.Release.Build.0 = Release|.NET
		{648EB720-ECE0-4B60-9FB2-0A6EE8ACBFF5}.Debug.ActiveCfg = Debug|.NET
		{648EB720-ECE0-4B60-9FB2-0A6EE8ACBFF5}.Debug.Build.0 = Debug|.NET
		{648EB720-ECE0-4B60-9FB2-0A6EE8ACBFF5}.Release.ActiveCfg = Release|.NET
		{648EB720-ECE0-4B60-9FB2-0A6EE8ACBFF5}.Release.Build.0 = Release|.NET
	EndGlobalSection
	GlobalSection(SolutionProperties) = preSolution
		HideSolutionNode = FALSE
	EndGlobalSection
EndGlobal
