Microsoft Visual Studio Solution File, Format Version 9.00
Project("{FAE04EC0-301F-11D3-BF4B-00C04F79EFBC}") = "DefaultPrintQueueOperationsSample", "DefaultPrintQueueOperationsSample.csproj", "{E3ADE88C-71CB-4FCF-B2FB-3F25BC7BDC9B}"
EndProject
Global
	GlobalSection(SolutionConfigurationPlatforms) = preSolution
		Debug|.NET = Debug|.NET
		Release|.NET = Release|.NET
	EndGlobalSection
	GlobalSection(ProjectConfigurationPlatforms) = postSolution
		{E3ADE88C-71CB-4FCF-B2FB-3F25BC7BDC9B}.Debug|.NET.ActiveCfg = Debug|.NET
		{E3ADE88C-71CB-4FCF-B2FB-3F25BC7BDC9B}.Debug|.NET.Build.0 = Debug|.NET
		{E3ADE88C-71CB-4FCF-B2FB-3F25BC7BDC9B}.Release|.NET.ActiveCfg = Release|.NET
		{E3ADE88C-71CB-4FCF-B2FB-3F25BC7BDC9B}.Release|.NET.Build.0 = Release|.NET
	EndGlobalSection
	GlobalSection(SolutionProperties) = preSolution
		HideSolutionNode = FALSE
	EndGlobalSection
EndGlobal
