Microsoft Visual Studio Solution File, Format Version 8.00
Project("{FAE04EC0-301F-11D3-BF4B-00C04F79EFBC}") = "NavEvents", "NavEvents.csproj", "{9DA9B67F-7A4E-44B0-A6AD-94703F053783}"
EndProject
Global
	GlobalSection(SolutionConfiguration) = preSolution
		Debug = Debug
		Release = Release
	EndGlobalSection
	GlobalSection(ProjectConfiguration) = postSolution
		{9DA9B67F-7A4E-44B0-A6AD-94703F053783}.Debug.ActiveCfg = Debug|.NET
		{9DA9B67F-7A4E-44B0-A6AD-94703F053783}.Debug.Build.0 = Debug|.NET
		{9DA9B67F-7A4E-44B0-A6AD-94703F053783}.Release.ActiveCfg = Release|.NET
		{9DA9B67F-7A4E-44B0-A6AD-94703F053783}.Release.Build.0 = Release|.NET
	EndGlobalSection
	GlobalSection(SolutionProperties) = preSolution
		HideSolutionNode = FALSE
	EndGlobalSection
EndGlobal
