Microsoft Visual Studio Solution File, Format Version 9.00
Project("{FAE04EC0-301F-11D3-BF4B-00C04F79EFBC}") = "QueryingWinFSTypes", "QueryingWinFSTypes\QueryingWinFSTypes.csproj", "{23CE0200-3420-4DD7-A3E4-5828250070F1}"
EndProject
Global
	GlobalSection(SolutionConfigurationPlatforms) = preSolution
		Debug|.NET = Debug|.NET
		Release|.NET = Release|.NET
	EndGlobalSection
	GlobalSection(ProjectConfigurationPlatforms) = postSolution
		{23CE0200-3420-4DD7-A3E4-5828250070F1}.Debug|.NET.ActiveCfg = Debug|.NET
		{23CE0200-3420-4DD7-A3E4-5828250070F1}.Debug|.NET.Build.0 = Debug|.NET
		{23CE0200-3420-4DD7-A3E4-5828250070F1}.Release|.NET.ActiveCfg = Release|.NET
		{23CE0200-3420-4DD7-A3E4-5828250070F1}.Release|.NET.Build.0 = Release|.NET
	EndGlobalSection
	GlobalSection(SolutionProperties) = preSolution
		HideSolutionNode = FALSE
	EndGlobalSection
EndGlobal
