
Microsoft Visual Studio Solution File, Format Version 9.00
Project("{F184B08F-C81C-45F6-A57F-5ABD9991F28F}") = "OnStartup_VB", "OnStartup_VB.vbproj", "{9FFB916A-3785-4408-AE17-23A92FC08995}"
EndProject
Global
	GlobalSection(SolutionConfigurationPlatforms) = preSolution
		Debug|.NET = Debug|.NET
		Release|.NET = Release|.NET
	EndGlobalSection
	GlobalSection(ProjectConfigurationPlatforms) = postSolution
		{9FFB916A-3785-4408-AE17-23A92FC08995}.Debug|.NET.ActiveCfg = Debug|.NET
		{9FFB916A-3785-4408-AE17-23A92FC08995}.Debug|.NET.Build.0 = Debug|.NET
		{9FFB916A-3785-4408-AE17-23A92FC08995}.Release|.NET.ActiveCfg = Release|.NET
		{9FFB916A-3785-4408-AE17-23A92FC08995}.Release|.NET.Build.0 = Release|.NET
	EndGlobalSection
	GlobalSection(SolutionProperties) = preSolution
		HideSolutionNode = FALSE
	EndGlobalSection
EndGlobal
