
Microsoft Visual Studio Solution File, Format Version 9.00
Project("{FAE04EC0-301F-11D3-BF4B-00C04F79EFBC}") = "colorfreeze_markup", "colorfreeze_markup.csproj", "{ADDDB9D8-88CF-4CC4-BFAD-5947F6A27467}"
EndProject
Global
	GlobalSection(SolutionConfigurationPlatforms) = preSolution
		Debug|.NET = Debug|.NET
		Release|.NET = Release|.NET
	EndGlobalSection
	GlobalSection(ProjectConfigurationPlatforms) = postSolution
		{ADDDB9D8-88CF-4CC4-BFAD-5947F6A27467}.Debug|.NET.ActiveCfg = Debug|.NET
		{ADDDB9D8-88CF-4CC4-BFAD-5947F6A27467}.Debug|.NET.Build.0 = Debug|.NET
		{ADDDB9D8-88CF-4CC4-BFAD-5947F6A27467}.Release|.NET.ActiveCfg = Release|.NET
		{ADDDB9D8-88CF-4CC4-BFAD-5947F6A27467}.Release|.NET.Build.0 = Release|.NET
	EndGlobalSection
	GlobalSection(SolutionProperties) = preSolution
		HideSolutionNode = FALSE
	EndGlobalSection
EndGlobal
