
Microsoft Visual Studio Solution File, Format Version 9.00
Project("{F184B08F-C81C-45F6-A57F-5ABD9991F28F}") = "AutoReverse_vb", "AutoReverse_vb.vbproj", "{7A84783A-F787-4407-95FA-EA4A511042E1}"
EndProject
Global
	GlobalSection(SolutionConfigurationPlatforms) = preSolution
		Debug|.NET = Debug|.NET
		Release|.NET = Release|.NET
	EndGlobalSection
	GlobalSection(ProjectConfigurationPlatforms) = postSolution
		{7A84783A-F787-4407-95FA-EA4A511042E1}.Debug|.NET.ActiveCfg = Debug|.NET
		{7A84783A-F787-4407-95FA-EA4A511042E1}.Debug|.NET.Build.0 = Debug|.NET
		{7A84783A-F787-4407-95FA-EA4A511042E1}.Release|.NET.ActiveCfg = Release|.NET
		{7A84783A-F787-4407-95FA-EA4A511042E1}.Release|.NET.Build.0 = Release|.NET
	EndGlobalSection
	GlobalSection(SolutionProperties) = preSolution
		HideSolutionNode = FALSE
	EndGlobalSection
EndGlobal
