Microsoft Visual Studio Solution File, Format Version 9.00
Project("{FAE04EC0-301F-11D3-BF4B-00C04F79EFBC}") = "PointAndPrintSample", "PointAndPrintSample.csproj", "{CDA8E14D-E3B3-4037-B5F6-98A09012377B}"
EndProject
Global
	GlobalSection(SolutionConfigurationPlatforms) = preSolution
		Debug|.NET = Debug|.NET
		Release|.NET = Release|.NET
	EndGlobalSection
	GlobalSection(ProjectConfigurationPlatforms) = postSolution
		{CDA8E14D-E3B3-4037-B5F6-98A09012377B}.Debug|.NET.ActiveCfg = Debug|.NET
		{CDA8E14D-E3B3-4037-B5F6-98A09012377B}.Debug|.NET.Build.0 = Debug|.NET
		{CDA8E14D-E3B3-4037-B5F6-98A09012377B}.Release|.NET.ActiveCfg = Release|.NET
		{CDA8E14D-E3B3-4037-B5F6-98A09012377B}.Release|.NET.Build.0 = Release|.NET
	EndGlobalSection
	GlobalSection(SolutionProperties) = preSolution
		HideSolutionNode = FALSE
	EndGlobalSection
EndGlobal
