
Microsoft Visual Studio Solution File, Format Version 9.00
Project("{8BC9CEB8-8B4A-11D0-8D11-00A0C91BC942}") = "PauseAndPurgePrintQueue", "PauseAndPurgePrintQueue.vcproj", "{D806D3ED-BA1C-4A72-9168-C58C4F45A2CC}"
EndProject
Global
	GlobalSection(SolutionConfigurationPlatforms) = preSolution
		Debug|Win32 = Debug|Win32
		Release|Win32 = Release|Win32
	EndGlobalSection
	GlobalSection(ProjectConfigurationPlatforms) = postSolution
		{D806D3ED-BA1C-4A72-9168-C58C4F45A2CC}.Debug|Win32.ActiveCfg = Debug|Win32
		{D806D3ED-BA1C-4A72-9168-C58C4F45A2CC}.Debug|Win32.Build.0 = Debug|Win32
		{D806D3ED-BA1C-4A72-9168-C58C4F45A2CC}.Release|Win32.ActiveCfg = Release|Win32
		{D806D3ED-BA1C-4A72-9168-C58C4F45A2CC}.Release|Win32.Build.0 = Release|Win32
	EndGlobalSection
	GlobalSection(SolutionProperties) = preSolution
		HideSolutionNode = FALSE
	EndGlobalSection
EndGlobal
