Microsoft Visual Studio Solution File, Format Version 9.00
Project("{8BC9CEB8-8B4A-11D0-8D11-00A0C91BC942}") = "syncmgrhndlr", "syncmgrhndlr.vcproj", "{90E24BF4-5C08-447C-B3DD-3C5F11485138}"
EndProject
Global
	GlobalSection(SolutionConfigurationPlatforms) = preSolution
		Debug|Win32 = Debug|Win32
		Release|Win32 = Release|Win32
	EndGlobalSection
	GlobalSection(ProjectConfigurationPlatforms) = postSolution
		{90E24BF4-5C08-447C-B3DD-3C5F11485138}.Debug|Win32.ActiveCfg = Debug|Win32
		{90E24BF4-5C08-447C-B3DD-3C5F11485138}.Debug|Win32.Build.0 = Debug|Win32
		{90E24BF4-5C08-447C-B3DD-3C5F11485138}.Release|Win32.ActiveCfg = Release|Win32
		{90E24BF4-5C08-447C-B3DD-3C5F11485138}.Release|Win32.Build.0 = Release|Win32
	EndGlobalSection
	GlobalSection(SolutionProperties) = preSolution
		HideSolutionNode = FALSE
	EndGlobalSection
EndGlobal
