
Microsoft Visual Studio Solution File, Format Version 9.00
Project("{8BC9CEB8-8B4A-11D0-8D11-00A0C91BC942}") = "InstallPrintQueue", "InstallPrintQueue.vcproj", "{54856F48-4259-482C-98B9-0DD925B0FD5C}"
EndProject
Global
	GlobalSection(SolutionConfigurationPlatforms) = preSolution
		Debug|Win32 = Debug|Win32
		Release|Win32 = Release|Win32
	EndGlobalSection
	GlobalSection(ProjectConfigurationPlatforms) = postSolution
		{54856F48-4259-482C-98B9-0DD925B0FD5C}.Debug|Win32.ActiveCfg = Debug|Win32
		{54856F48-4259-482C-98B9-0DD925B0FD5C}.Debug|Win32.Build.0 = Debug|Win32
		{54856F48-4259-482C-98B9-0DD925B0FD5C}.Release|Win32.ActiveCfg = Release|Win32
		{54856F48-4259-482C-98B9-0DD925B0FD5C}.Release|Win32.Build.0 = Release|Win32
	EndGlobalSection
	GlobalSection(SolutionProperties) = preSolution
		HideSolutionNode = FALSE
	EndGlobalSection
EndGlobal
