
Microsoft Visual Studio Solution File, Format Version 9.00
Project("{FAE04EC0-301F-11D3-BF4B-00C04F79EFBC}") = "keyframes_csharp", "keyframes_csharp.csproj", "{5EBF7AE8-84F2-4886-8F46-FD5C93F6E81B}"
EndProject
Global
	GlobalSection(SolutionConfigurationPlatforms) = preSolution
		Debug|.NET = Debug|.NET
		Release|.NET = Release|.NET
	EndGlobalSection
	GlobalSection(ProjectConfigurationPlatforms) = postSolution
		{5EBF7AE8-84F2-4886-8F46-FD5C93F6E81B}.Debug|.NET.ActiveCfg = Debug|.NET
		{5EBF7AE8-84F2-4886-8F46-FD5C93F6E81B}.Debug|.NET.Build.0 = Debug|.NET
		{5EBF7AE8-84F2-4886-8F46-FD5C93F6E81B}.Release|.NET.ActiveCfg = Release|.NET
		{5EBF7AE8-84F2-4886-8F46-FD5C93F6E81B}.Release|.NET.Build.0 = Release|.NET
	EndGlobalSection
	GlobalSection(SolutionProperties) = preSolution
		HideSolutionNode = FALSE
	EndGlobalSection
EndGlobal
