
Microsoft Visual Studio Solution File, Format Version 9.00
Project("{FAE04EC0-301F-11D3-BF4B-00C04F79EFBC}") = "ControlsAll", "ControlsAll.csproj", "{1A837976-1B5B-4047-998E-BFC8F12C8BFA}"
EndProject
Global
	GlobalSection(SolutionConfigurationPlatforms) = preSolution
		Debug|.NET = Debug|.NET
		Release|.NET = Release|.NET
	EndGlobalSection
	GlobalSection(ProjectConfigurationPlatforms) = postSolution
		{1A837976-1B5B-4047-998E-BFC8F12C8BFA}.Debug|.NET.ActiveCfg = Debug|.NET
		{1A837976-1B5B-4047-998E-BFC8F12C8BFA}.Debug|.NET.Build.0 = Debug|.NET
		{1A837976-1B5B-4047-998E-BFC8F12C8BFA}.Release|.NET.ActiveCfg = Release|.NET
		{1A837976-1B5B-4047-998E-BFC8F12C8BFA}.Release|.NET.Build.0 = Release|.NET
	EndGlobalSection
	GlobalSection(SolutionProperties) = preSolution
		HideSolutionNode = FALSE
	EndGlobalSection
EndGlobal
