
Microsoft Visual Studio Solution File, Format Version 9.00
Project("{FAE04EC0-301F-11D3-BF4B-00C04F79EFBC}") = "controlstyling_slider", "controlstyling_slider.csproj", "{56CCBD29-94C3-4014-9381-289D0AC6C288}"
EndProject
Global
	GlobalSection(SolutionConfigurationPlatforms) = preSolution
		Debug|.NET = Debug|.NET
		Release|.NET = Release|.NET
	EndGlobalSection
	GlobalSection(ProjectConfigurationPlatforms) = postSolution
		{56CCBD29-94C3-4014-9381-289D0AC6C288}.Debug|.NET.ActiveCfg = Debug|.NET
		{56CCBD29-94C3-4014-9381-289D0AC6C288}.Debug|.NET.Build.0 = Debug|.NET
		{56CCBD29-94C3-4014-9381-289D0AC6C288}.Release|.NET.ActiveCfg = Release|.NET
		{56CCBD29-94C3-4014-9381-289D0AC6C288}.Release|.NET.Build.0 = Release|.NET
	EndGlobalSection
	GlobalSection(SolutionProperties) = preSolution
		HideSolutionNode = FALSE
	EndGlobalSection
EndGlobal
