
Microsoft Visual Studio Solution File, Format Version 9.00
Project("{F184B08F-C81C-45F6-A57F-5ABD9991F28F}") = "animaterotate_vb", "animaterotate_vb.vbproj", "{65410FD4-699C-46D6-85F6-3E976D3597F5}"
EndProject
Global
	GlobalSection(SolutionConfigurationPlatforms) = preSolution
		Debug|.NET = Debug|.NET
		Release|.NET = Release|.NET
	EndGlobalSection
	GlobalSection(ProjectConfigurationPlatforms) = postSolution
		{65410FD4-699C-46D6-85F6-3E976D3597F5}.Debug|.NET.ActiveCfg = Debug|.NET
		{65410FD4-699C-46D6-85F6-3E976D3597F5}.Debug|.NET.Build.0 = Debug|.NET
		{65410FD4-699C-46D6-85F6-3E976D3597F5}.Release|.NET.ActiveCfg = Release|.NET
		{65410FD4-699C-46D6-85F6-3E976D3597F5}.Release|.NET.Build.0 = Release|.NET
	EndGlobalSection
	GlobalSection(SolutionProperties) = preSolution
		HideSolutionNode = FALSE
	EndGlobalSection
EndGlobal
