
Microsoft Visual Studio Solution File, Format Version 9.00
Project("{8BC9CEB8-8B4A-11D0-8D11-00A0C91BC942}") = "SubSetOfPropertiesLocalPrintQueueOperations", "SubSetOfPropertiesLocalPrintQueueOperations.vcproj", "{58850AB3-A7EC-466B-8B8E-5F0544FAEB15}"
EndProject
Global
	GlobalSection(SolutionConfigurationPlatforms) = preSolution
		Debug|Win32 = Debug|Win32
		Release|Win32 = Release|Win32
	EndGlobalSection
	GlobalSection(ProjectConfigurationPlatforms) = postSolution
		{58850AB3-A7EC-466B-8B8E-5F0544FAEB15}.Debug|Win32.ActiveCfg = Debug|Win32
		{58850AB3-A7EC-466B-8B8E-5F0544FAEB15}.Debug|Win32.Build.0 = Debug|Win32
		{58850AB3-A7EC-466B-8B8E-5F0544FAEB15}.Release|Win32.ActiveCfg = Release|Win32
		{58850AB3-A7EC-466B-8B8E-5F0544FAEB15}.Release|Win32.Build.0 = Release|Win32
	EndGlobalSection
	GlobalSection(SolutionProperties) = preSolution
		HideSolutionNode = FALSE
	EndGlobalSection
EndGlobal
