
Microsoft Visual Studio Solution File, Format Version 9.00
Project("{FAE04EC0-301F-11D3-BF4B-00C04F79EFBC}") = "Basic3D_SDK_xaml", "Basic3D_SDK_xaml.csproj", "{16507B2E-8164-4A09-8888-50D4B4AB9125}"
EndProject
Global
	GlobalSection(SolutionConfigurationPlatforms) = preSolution
		Debug|.NET = Debug|.NET
		Release|.NET = Release|.NET
	EndGlobalSection
	GlobalSection(ProjectConfigurationPlatforms) = postSolution
		{16507B2E-8164-4A09-8888-50D4B4AB9125}.Debug|.NET.ActiveCfg = Debug|.NET
		{16507B2E-8164-4A09-8888-50D4B4AB9125}.Debug|.NET.Build.0 = Debug|.NET
		{16507B2E-8164-4A09-8888-50D4B4AB9125}.Release|.NET.ActiveCfg = Release|.NET
		{16507B2E-8164-4A09-8888-50D4B4AB9125}.Release|.NET.Build.0 = Release|.NET
	EndGlobalSection
	GlobalSection(SolutionProperties) = preSolution
		HideSolutionNode = FALSE
	EndGlobalSection
EndGlobal
