Microsoft Visual Studio Solution File, Format Version 9.00
Project("{FAE04EC0-301F-11D3-BF4B-00C04F79EFBC}") = "MediaPlayerCS", "Player\MediaPlayerCS.csproj", "{A3DA64EA-01F8-4E95-B31D-30E4BC7AB0C3}"
EndProject
Global
	GlobalSection(SolutionConfigurationPlatforms) = preSolution
		Debug|.NET = Debug|.NET
		Release|.NET = Release|.NET
	EndGlobalSection
	GlobalSection(ProjectConfigurationPlatforms) = postSolution
		{A3DA64EA-01F8-4E95-B31D-30E4BC7AB0C3}.Debug|.NET.ActiveCfg = Debug|.NET
		{A3DA64EA-01F8-4E95-B31D-30E4BC7AB0C3}.Debug|.NET.Build.0 = Debug|.NET
		{A3DA64EA-01F8-4E95-B31D-30E4BC7AB0C3}.Release|.NET.ActiveCfg = Release|.NET
		{A3DA64EA-01F8-4E95-B31D-30E4BC7AB0C3}.Release|.NET.Build.0 = Release|.NET
	EndGlobalSection
	GlobalSection(SolutionProperties) = preSolution
		HideSolutionNode = FALSE
	EndGlobalSection
EndGlobal
