Microsoft Visual Studio Solution File, Format Version 8.00
Project("{F184B08F-C81C-45F6-A57F-5ABD9991F28F}") = "RemotableObjectVb", "VSProj\RemotableObjectVb.vbproj", "{348EB720-ECE0-4B60-9FB2-0A6EE8ACBFF5}"
	ProjectSection(ProjectDependencies) = postProject
		{8E9C88E1-341A-47EB-A0FE-45435AF95E80} = {8E9C88E1-341A-47EB-A0FE-45435AF95E80}
	EndProjectSection
EndProject
Project("{F184B08F-C81C-45F6-A57F-5ABD9991F28F}") = "RemoteHostVb", "VSProj\RemoteHostVb.vbproj", "{5E9C88E1-341A-47EB-A0FE-45435AF95E80}"
EndProject
Project("{F184B08F-C81C-45F6-A57F-5ABD9991F28F}") = "RemoteClientVb", "VSProj\RemoteClientVb.vbproj", "{8E9C88E1-341A-47EB-A0FE-45435AF95E80}"
	ProjectSection(ProjectDependencies) = postProject
		{5E9C88E1-341A-47EB-A0FE-45435AF95E80} = {5E9C88E1-341A-47EB-A0FE-45435AF95E80}
		{8E9C88E1-341A-47EB-A0FE-45435AF95E80} = {8E9C88E1-341A-47EB-A0FE-45435AF95E80}
	EndProjectSection
EndProject
Project("{F184B08F-C81C-45F6-A57F-5ABD9991F28F}") = "RemotableInterface", "VSProj\RemotableInterface.vbproj", "{2E9C88E1-341A-47EB-A0FE-45435AF95E80}"
EndProject
Global
	GlobalSection(SolutionConfiguration) = preSolution
		Debug = Debug
		Release = Release
	EndGlobalSection
	GlobalSection(ProjectConfiguration) = postSolution
		{348EB720-ECE0-4B60-9FB2-0A6EE8ACBFF5}.Debug.ActiveCfg = Debug|.NET
		{348EB720-ECE0-4B60-9FB2-0A6EE8ACBFF5}.Debug.Build.0 = Debug|.NET
		{348EB720-ECE0-4B60-9FB2-0A6EE8ACBFF5}.Release.ActiveCfg = Release|.NET
		{348EB720-ECE0-4B60-9FB2-0A6EE8ACBFF5}.Release.Build.0 = Release|.NET
		{5E9C88E1-341A-47EB-A0FE-45435AF95E80}.Debug.ActiveCfg = Debug|.NET
		{5E9C88E1-341A-47EB-A0FE-45435AF95E80}.Debug.Build.0 = Debug|.NET
		{5E9C88E1-341A-47EB-A0FE-45435AF95E80}.Release.ActiveCfg = Release|.NET
		{5E9C88E1-341A-47EB-A0FE-45435AF95E80}.Release.Build.0 = Release|.NET
		{8E9C88E1-341A-47EB-A0FE-45435AF95E80}.Debug.ActiveCfg = Debug|.NET
		{8E9C88E1-341A-47EB-A0FE-45435AF95E80}.Debug.Build.0 = Debug|.NET
		{8E9C88E1-341A-47EB-A0FE-45435AF95E80}.Release.ActiveCfg = Release|.NET
		{8E9C88E1-341A-47EB-A0FE-45435AF95E80}.Release.Build.0 = Release|.NET
		{8E9C88E1-341A-47EB-A0FE-45435AF95E80}.Debug.ActiveCfg = Debug|.NET
		{8E9C88E1-341A-47EB-A0FE-45435AF95E80}.Debug.Build.0 = Debug|.NET
		{8E9C88E1-341A-47EB-A0FE-45435AF95E80}.Release.ActiveCfg = Release|.NET
		{8E9C88E1-341A-47EB-A0FE-45435AF95E80}.Release.Build.0 = Release|.NET
	EndGlobalSection
	GlobalSection(SolutionProperties) = preSolution
		HideSolutionNode = FALSE
	EndGlobalSection
EndGlobal
