
Microsoft Visual Studio Solution File, Format Version 9.00
Project("{FAE04EC0-301F-11D3-BF4B-00C04F79EFBC}") = "app", "app.csproj", "{BEF7366D-A69C-4DBE-8C20-D2E29C8BE227}"
EndProject
Global
	GlobalSection(SolutionConfigurationPlatforms) = preSolution
		Debug|.NET = Debug|.NET
		Release|.NET = Release|.NET
	EndGlobalSection
	GlobalSection(ProjectConfigurationPlatforms) = postSolution
		{BEF7366D-A69C-4DBE-8C20-D2E29C8BE227}.Debug|.NET.ActiveCfg = Debug|.NET
		{BEF7366D-A69C-4DBE-8C20-D2E29C8BE227}.Debug|.NET.Build.0 = Debug|.NET
		{BEF7366D-A69C-4DBE-8C20-D2E29C8BE227}.Release|.NET.ActiveCfg = Release|.NET
		{BEF7366D-A69C-4DBE-8C20-D2E29C8BE227}.Release|.NET.Build.0 = Release|.NET
	EndGlobalSection
	GlobalSection(SolutionProperties) = preSolution
		HideSolutionNode = FALSE
	EndGlobalSection
EndGlobal
