Microsoft Visual Studio Solution File, Format Version 9.00
Project("{FAE04EC0-301F-11D3-BF4B-00C04F79EFBC}") = "OnStartup", "OnStartup.csproj", "{5B664EFB-9BE0-42AF-BAA6-191B47FE2C9E}"
EndProject
Global
	GlobalSection(SolutionConfigurationPlatforms) = preSolution
		Debug|.NET = Debug|.NET
		Release|.NET = Release|.NET
	EndGlobalSection
	GlobalSection(ProjectConfigurationPlatforms) = postSolution
		{5B664EFB-9BE0-42AF-BAA6-191B47FE2C9E}.Debug|.NET.ActiveCfg = Debug|.NET
		{5B664EFB-9BE0-42AF-BAA6-191B47FE2C9E}.Debug|.NET.Build.0 = Debug|.NET
		{5B664EFB-9BE0-42AF-BAA6-191B47FE2C9E}.Release|.NET.ActiveCfg = Release|.NET
		{5B664EFB-9BE0-42AF-BAA6-191B47FE2C9E}.Release|.NET.Build.0 = Release|.NET
	EndGlobalSection
	GlobalSection(SolutionProperties) = preSolution
		HideSolutionNode = FALSE
	EndGlobalSection
EndGlobal
