Microsoft Visual Studio Solution File, Format Version 9.00
Project("{FAE04EC0-301F-11D3-BF4B-00C04F79EFBC}") = "OPathQueries", "OPathQueries\OPathQueries.csproj", "{C8CFADC4-56CC-46EC-A818-1A0878D11209}"
EndProject
Global
	GlobalSection(SolutionConfigurationPlatforms) = preSolution
		Debug|.NET = Debug|.NET
		Release|.NET = Release|.NET
	EndGlobalSection
	GlobalSection(ProjectConfigurationPlatforms) = postSolution
		{C8CFADC4-56CC-46EC-A818-1A0878D11209}.Debug|.NET.ActiveCfg = Debug|.NET
		{C8CFADC4-56CC-46EC-A818-1A0878D11209}.Debug|.NET.Build.0 = Debug|.NET
		{C8CFADC4-56CC-46EC-A818-1A0878D11209}.Release|.NET.ActiveCfg = Release|.NET
		{C8CFADC4-56CC-46EC-A818-1A0878D11209}.Release|.NET.Build.0 = Release|.NET
	EndGlobalSection
	GlobalSection(SolutionProperties) = preSolution
		HideSolutionNode = FALSE
	EndGlobalSection
EndGlobal
