Microsoft Visual Studio Solution File, Format Version 9.00
Project("{FAE04EC0-301F-11D3-BF4B-00C04F79EFBC}") = "CreatePrintServerAndGetSetPropertiesSample", "CreatePrintServerAndGetSetPropertiesSample.csproj", "{DE0822D2-7E74-4A32-B416-BCBF66AF76F6}"
EndProject
Global
	GlobalSection(SolutionConfigurationPlatforms) = preSolution
		Debug|.NET = Debug|.NET
		Release|.NET = Release|.NET
	EndGlobalSection
	GlobalSection(ProjectConfigurationPlatforms) = postSolution
		{DE0822D2-7E74-4A32-B416-BCBF66AF76F6}.Debug|.NET.ActiveCfg = Debug|.NET
		{DE0822D2-7E74-4A32-B416-BCBF66AF76F6}.Debug|.NET.Build.0 = Debug|.NET
		{DE0822D2-7E74-4A32-B416-BCBF66AF76F6}.Release|.NET.ActiveCfg = Release|.NET
		{DE0822D2-7E74-4A32-B416-BCBF66AF76F6}.Release|.NET.Build.0 = Release|.NET
	EndGlobalSection
	GlobalSection(SolutionProperties) = preSolution
		HideSolutionNode = FALSE
	EndGlobalSection
EndGlobal
