
Microsoft Visual Studio Solution File, Format Version 9.00
Project("{FAE04EC0-301F-11D3-BF4B-00C04F79EFBC}") = "AutoReverse_csharp", "AutoReverse_csharp.csproj", "{F68C2522-87E5-47BD-A8AC-8EA5A22AAF87}"
EndProject
Global
	GlobalSection(SolutionConfigurationPlatforms) = preSolution
		Debug|.NET = Debug|.NET
		Release|.NET = Release|.NET
	EndGlobalSection
	GlobalSection(ProjectConfigurationPlatforms) = postSolution
		{F68C2522-87E5-47BD-A8AC-8EA5A22AAF87}.Debug|.NET.ActiveCfg = Debug|.NET
		{F68C2522-87E5-47BD-A8AC-8EA5A22AAF87}.Debug|.NET.Build.0 = Debug|.NET
		{F68C2522-87E5-47BD-A8AC-8EA5A22AAF87}.Release|.NET.ActiveCfg = Release|.NET
		{F68C2522-87E5-47BD-A8AC-8EA5A22AAF87}.Release|.NET.Build.0 = Release|.NET
	EndGlobalSection
	GlobalSection(SolutionProperties) = preSolution
		HideSolutionNode = FALSE
	EndGlobalSection
EndGlobal
