
Microsoft Visual Studio Solution File, Format Version 9.00
Project("{FAE04EC0-301F-11D3-BF4B-00C04F79EFBC}") = "TextDecorationExample", "TextDecorationExample.csproj", "{05AE953F-283B-4F5D-A33E-D78049CE84B0}"
EndProject
Global
	GlobalSection(SolutionConfigurationPlatforms) = preSolution
		Debug|.NET = Debug|.NET
		Release|.NET = Release|.NET
	EndGlobalSection
	GlobalSection(ProjectConfigurationPlatforms) = postSolution
		{05AE953F-283B-4F5D-A33E-D78049CE84B0}.Debug|.NET.ActiveCfg = Debug|.NET
		{05AE953F-283B-4F5D-A33E-D78049CE84B0}.Debug|.NET.Build.0 = Debug|.NET
		{05AE953F-283B-4F5D-A33E-D78049CE84B0}.Release|.NET.ActiveCfg = Release|.NET
		{05AE953F-283B-4F5D-A33E-D78049CE84B0}.Release|.NET.Build.0 = Release|.NET
	EndGlobalSection
	GlobalSection(SolutionProperties) = preSolution
		HideSolutionNode = FALSE
	EndGlobalSection
EndGlobal
