
Microsoft Visual Studio Solution File, Format Version 9.00
Project("{FAE04EC0-301F-11D3-BF4B-00C04F79EFBC}") = "TextBoxOverview2", "TextBoxOverview2.csproj", "{B19386C5-15B3-4B08-96DF-A31A0C9A26F0}"
EndProject
Global
	GlobalSection(SolutionConfigurationPlatforms) = preSolution
		Debug|.NET = Debug|.NET
		Release|.NET = Release|.NET
	EndGlobalSection
	GlobalSection(ProjectConfigurationPlatforms) = postSolution
		{B19386C5-15B3-4B08-96DF-A31A0C9A26F0}.Debug|.NET.ActiveCfg = Debug|.NET
		{B19386C5-15B3-4B08-96DF-A31A0C9A26F0}.Debug|.NET.Build.0 = Debug|.NET
		{B19386C5-15B3-4B08-96DF-A31A0C9A26F0}.Release|.NET.ActiveCfg = Release|.NET
		{B19386C5-15B3-4B08-96DF-A31A0C9A26F0}.Release|.NET.Build.0 = Release|.NET
	EndGlobalSection
	GlobalSection(SolutionProperties) = preSolution
		HideSolutionNode = FALSE
	EndGlobalSection
EndGlobal
