Microsoft Visual Studio Solution File, Format Version 9.00
Project("{FAE04EC0-301F-11D3-BF4B-00C04F79EFBC}") = "EnumeratePrintersonLocalPrintServerSample", "EnumeratePrintersonLocalPrintServerSample.csproj", "{431C233F-5001-418D-9FB7-380E03507177}"
EndProject
Global
	GlobalSection(SolutionConfigurationPlatforms) = preSolution
		Debug|.NET = Debug|.NET
		Release|.NET = Release|.NET
	EndGlobalSection
	GlobalSection(ProjectConfigurationPlatforms) = postSolution
		{431C233F-5001-418D-9FB7-380E03507177}.Debug|.NET.ActiveCfg = Debug|.NET
		{431C233F-5001-418D-9FB7-380E03507177}.Debug|.NET.Build.0 = Debug|.NET
		{431C233F-5001-418D-9FB7-380E03507177}.Release|.NET.ActiveCfg = Release|.NET
		{431C233F-5001-418D-9FB7-380E03507177}.Release|.NET.Build.0 = Release|.NET
	EndGlobalSection
	GlobalSection(SolutionProperties) = preSolution
		HideSolutionNode = FALSE
	EndGlobalSection
EndGlobal
