
Microsoft Visual Studio Solution File, Format Version 9.00
Project("{FAE04EC0-301F-11D3-BF4B-00C04F79EFBC}") = "BeginTime_markup", "BeginTime_markup.csproj", "{4F529782-E365-4925-8A57-347BC79897A7}"
EndProject
Global
	GlobalSection(SolutionConfigurationPlatforms) = preSolution
		Debug|.NET = Debug|.NET
		Release|.NET = Release|.NET
	EndGlobalSection
	GlobalSection(ProjectConfigurationPlatforms) = postSolution
		{4F529782-E365-4925-8A57-347BC79897A7}.Debug|.NET.ActiveCfg = Debug|.NET
		{4F529782-E365-4925-8A57-347BC79897A7}.Debug|.NET.Build.0 = Debug|.NET
		{4F529782-E365-4925-8A57-347BC79897A7}.Release|.NET.ActiveCfg = Release|.NET
		{4F529782-E365-4925-8A57-347BC79897A7}.Release|.NET.Build.0 = Release|.NET
	EndGlobalSection
	GlobalSection(SolutionProperties) = preSolution
		HideSolutionNode = FALSE
	EndGlobalSection
EndGlobal
