
Microsoft Visual Studio Solution File, Format Version 9.00
Project("{FAE04EC0-301F-11D3-BF4B-00C04F79EFBC}") = "RotateTransform_csharp", "RotateTransform_csharp.csproj", "{6A9F8C12-135A-4699-89D6-6026E9F66AD1}"
EndProject
Global
	GlobalSection(SolutionConfigurationPlatforms) = preSolution
		Debug|.NET = Debug|.NET
		Release|.NET = Release|.NET
	EndGlobalSection
	GlobalSection(ProjectConfigurationPlatforms) = postSolution
		{6A9F8C12-135A-4699-89D6-6026E9F66AD1}.Debug|.NET.ActiveCfg = Debug|.NET
		{6A9F8C12-135A-4699-89D6-6026E9F66AD1}.Debug|.NET.Build.0 = Debug|.NET
		{6A9F8C12-135A-4699-89D6-6026E9F66AD1}.Release|.NET.ActiveCfg = Release|.NET
		{6A9F8C12-135A-4699-89D6-6026E9F66AD1}.Release|.NET.Build.0 = Release|.NET
	EndGlobalSection
	GlobalSection(SolutionProperties) = preSolution
		HideSolutionNode = FALSE
	EndGlobalSection
EndGlobal
