
Microsoft Visual Studio Solution File, Format Version 9.00
Project("{FAE04EC0-301F-11D3-BF4B-00C04F79EFBC}") = "DrawingBrush_csharp", "DrawingBrush_csharp.csproj", "{A8B8D2C2-A5FD-4DFD-8A1C-49FB8CC4482B}"
EndProject
Global
	GlobalSection(SolutionConfigurationPlatforms) = preSolution
		Debug|.NET = Debug|.NET
		Release|.NET = Release|.NET
	EndGlobalSection
	GlobalSection(ProjectConfigurationPlatforms) = postSolution
		{A8B8D2C2-A5FD-4DFD-8A1C-49FB8CC4482B}.Debug|.NET.ActiveCfg = Debug|.NET
		{A8B8D2C2-A5FD-4DFD-8A1C-49FB8CC4482B}.Debug|.NET.Build.0 = Debug|.NET
		{A8B8D2C2-A5FD-4DFD-8A1C-49FB8CC4482B}.Release|.NET.ActiveCfg = Release|.NET
		{A8B8D2C2-A5FD-4DFD-8A1C-49FB8CC4482B}.Release|.NET.Build.0 = Release|.NET
	EndGlobalSection
	GlobalSection(SolutionProperties) = preSolution
		HideSolutionNode = FALSE
	EndGlobalSection
EndGlobal
