
Microsoft Visual Studio Solution File, Format Version 9.00
Project("{FAE04EC0-301F-11D3-BF4B-00C04F79EFBC}") = "animate_height_markup", "animate_height_markup.csproj", "{47D6EEB8-87F7-407E-BD7E-BA32A6529325}"
EndProject
Global
	GlobalSection(SolutionConfigurationPlatforms) = preSolution
		Debug|.NET = Debug|.NET
		Release|.NET = Release|.NET
	EndGlobalSection
	GlobalSection(ProjectConfigurationPlatforms) = postSolution
		{47D6EEB8-87F7-407E-BD7E-BA32A6529325}.Debug|.NET.ActiveCfg = Debug|.NET
		{47D6EEB8-87F7-407E-BD7E-BA32A6529325}.Debug|.NET.Build.0 = Debug|.NET
		{47D6EEB8-87F7-407E-BD7E-BA32A6529325}.Release|.NET.ActiveCfg = Release|.NET
		{47D6EEB8-87F7-407E-BD7E-BA32A6529325}.Release|.NET.Build.0 = Release|.NET
	EndGlobalSection
	GlobalSection(SolutionProperties) = preSolution
		HideSolutionNode = FALSE
	EndGlobalSection
EndGlobal
