
Microsoft Visual Studio Solution File, Format Version 9.00
Project("{F184B08F-C81C-45F6-A57F-5ABD9991F28F}") = "BtnColor_wcp_vb", "BtnColor_wcp_vb.vbproj", "{9F4FF10E-3E0D-4758-92A5-6A2D42308101}"
EndProject
Global
	GlobalSection(SolutionConfigurationPlatforms) = preSolution
		Debug|.NET = Debug|.NET
		Release|.NET = Release|.NET
	EndGlobalSection
	GlobalSection(ProjectConfigurationPlatforms) = postSolution
		{9F4FF10E-3E0D-4758-92A5-6A2D42308101}.Debug|.NET.ActiveCfg = Debug|.NET
		{9F4FF10E-3E0D-4758-92A5-6A2D42308101}.Debug|.NET.Build.0 = Debug|.NET
		{9F4FF10E-3E0D-4758-92A5-6A2D42308101}.Release|.NET.ActiveCfg = Release|.NET
		{9F4FF10E-3E0D-4758-92A5-6A2D42308101}.Release|.NET.Build.0 = Release|.NET
	EndGlobalSection
	GlobalSection(SolutionProperties) = preSolution
		HideSolutionNode = FALSE
	EndGlobalSection
EndGlobal
