
Microsoft Visual Studio Solution File, Format Version 9.00
Project("{FAE04EC0-301F-11D3-BF4B-00C04F79EFBC}") = "loginscreen", "loginscreen.csproj", "{C907C762-6761-48A1-AD7D-6363141D3107}"
EndProject
Global
	GlobalSection(SolutionConfigurationPlatforms) = preSolution
		Debug|.NET = Debug|.NET
		Release|.NET = Release|.NET
	EndGlobalSection
	GlobalSection(ProjectConfigurationPlatforms) = postSolution
		{C907C762-6761-48A1-AD7D-6363141D3107}.Debug|.NET.ActiveCfg = Debug|.NET
		{C907C762-6761-48A1-AD7D-6363141D3107}.Debug|.NET.Build.0 = Debug|.NET
		{C907C762-6761-48A1-AD7D-6363141D3107}.Release|.NET.ActiveCfg = Release|.NET
		{C907C762-6761-48A1-AD7D-6363141D3107}.Release|.NET.Build.0 = Release|.NET
	EndGlobalSection
	GlobalSection(SolutionProperties) = preSolution
		HideSolutionNode = FALSE
	EndGlobalSection
EndGlobal
