
Microsoft Visual Studio Solution File, Format Version 9.00
Project("{FAE04EC0-301F-11D3-BF4B-00C04F79EFBC}") = "ScrollViewer_wcp", "ScrollViewer_wcp.csproj", "{A8F99A03-0A7A-40A3-A648-128B48915A61}"
EndProject
Global
	GlobalSection(SolutionConfigurationPlatforms) = preSolution
		Debug|.NET = Debug|.NET
		Release|.NET = Release|.NET
	EndGlobalSection
	GlobalSection(ProjectConfigurationPlatforms) = postSolution
		{A8F99A03-0A7A-40A3-A648-128B48915A61}.Debug|.NET.ActiveCfg = Debug|.NET
		{A8F99A03-0A7A-40A3-A648-128B48915A61}.Debug|.NET.Build.0 = Debug|.NET
		{A8F99A03-0A7A-40A3-A648-128B48915A61}.Release|.NET.ActiveCfg = Release|.NET
		{A8F99A03-0A7A-40A3-A648-128B48915A61}.Release|.NET.Build.0 = Release|.NET
	EndGlobalSection
	GlobalSection(SolutionProperties) = preSolution
		HideSolutionNode = FALSE
	EndGlobalSection
EndGlobal
