
Microsoft Visual Studio Solution File, Format Version 9.00
Project("{FAE04EC0-301F-11D3-BF4B-00C04F79EFBC}") = "PathElementAndGeometries_markup", "PathElementAndGeometries_markup.csproj", "{0B15C27D-77E4-4A50-BD30-ADFCE6A8FBB1}"
EndProject
Global
	GlobalSection(SolutionConfigurationPlatforms) = preSolution
		Debug|.NET = Debug|.NET
		Release|.NET = Release|.NET
	EndGlobalSection
	GlobalSection(ProjectConfigurationPlatforms) = postSolution
		{0B15C27D-77E4-4A50-BD30-ADFCE6A8FBB1}.Debug|.NET.ActiveCfg = Debug|.NET
		{0B15C27D-77E4-4A50-BD30-ADFCE6A8FBB1}.Debug|.NET.Build.0 = Debug|.NET
		{0B15C27D-77E4-4A50-BD30-ADFCE6A8FBB1}.Release|.NET.ActiveCfg = Release|.NET
		{0B15C27D-77E4-4A50-BD30-ADFCE6A8FBB1}.Release|.NET.Build.0 = Release|.NET
	EndGlobalSection
	GlobalSection(SolutionProperties) = preSolution
		HideSolutionNode = FALSE
	EndGlobalSection
EndGlobal
