
Microsoft Visual Studio Solution File, Format Version 9.00
Project("{8BC9CEB8-8B4A-11D0-8D11-00A0C91BC942}") = "PointAndPrintConnections", "PointAndPrintConnections.vcproj", "{27659772-048B-4502-A5E7-D0F4DD3B4385}"
EndProject
Global
	GlobalSection(SolutionConfigurationPlatforms) = preSolution
		Debug|Win32 = Debug|Win32
		Release|Win32 = Release|Win32
	EndGlobalSection
	GlobalSection(ProjectConfigurationPlatforms) = postSolution
		{27659772-048B-4502-A5E7-D0F4DD3B4385}.Debug|Win32.ActiveCfg = Debug|Win32
		{27659772-048B-4502-A5E7-D0F4DD3B4385}.Debug|Win32.Build.0 = Debug|Win32
		{27659772-048B-4502-A5E7-D0F4DD3B4385}.Release|Win32.ActiveCfg = Release|Win32
		{27659772-048B-4502-A5E7-D0F4DD3B4385}.Release|Win32.Build.0 = Release|Win32
	EndGlobalSection
	GlobalSection(SolutionProperties) = preSolution
		HideSolutionNode = FALSE
	EndGlobalSection
EndGlobal
