
Microsoft Visual Studio Solution File, Format Version 9.00
Project("{FAE04EC0-301F-11D3-BF4B-00C04F79EFBC}") = "positionanimation_markup", "positionanimation_markup.csproj", "{614CFD87-11D9-4435-82E1-14DC452D6234}"
EndProject
Global
	GlobalSection(SolutionConfigurationPlatforms) = preSolution
		Debug|.NET = Debug|.NET
		Release|.NET = Release|.NET
	EndGlobalSection
	GlobalSection(ProjectConfigurationPlatforms) = postSolution
		{614CFD87-11D9-4435-82E1-14DC452D6234}.Debug|.NET.ActiveCfg = Debug|.NET
		{614CFD87-11D9-4435-82E1-14DC452D6234}.Debug|.NET.Build.0 = Debug|.NET
		{614CFD87-11D9-4435-82E1-14DC452D6234}.Release|.NET.ActiveCfg = Release|.NET
		{614CFD87-11D9-4435-82E1-14DC452D6234}.Release|.NET.Build.0 = Release|.NET
	EndGlobalSection
	GlobalSection(SolutionProperties) = preSolution
		HideSolutionNode = FALSE
	EndGlobalSection
EndGlobal
