
Microsoft Visual Studio Solution File, Format Version 9.00
Project("{FAE04EC0-301F-11D3-BF4B-00C04F79EFBC}") = "ScrollingListBox_wcp", "ScrollingListBox_wcp.csproj", "{0177510E-5DC5-4250-ADDE-1455DF71C15E}"
EndProject
Global
	GlobalSection(SolutionConfigurationPlatforms) = preSolution
		Debug|.NET = Debug|.NET
		Release|.NET = Release|.NET
	EndGlobalSection
	GlobalSection(ProjectConfigurationPlatforms) = postSolution
		{0177510E-5DC5-4250-ADDE-1455DF71C15E}.Debug|.NET.ActiveCfg = Debug|.NET
		{0177510E-5DC5-4250-ADDE-1455DF71C15E}.Debug|.NET.Build.0 = Debug|.NET
		{0177510E-5DC5-4250-ADDE-1455DF71C15E}.Release|.NET.ActiveCfg = Release|.NET
		{0177510E-5DC5-4250-ADDE-1455DF71C15E}.Release|.NET.Build.0 = Release|.NET
	EndGlobalSection
	GlobalSection(SolutionProperties) = preSolution
		HideSolutionNode = FALSE
	EndGlobalSection
EndGlobal
