
Microsoft Visual Studio Solution File, Format Version 9.00
Project("{FAE04EC0-301F-11D3-BF4B-00C04F79EFBC}") = "ButtonwithImage_wcp", "ButtonwithImage_wcp.csproj", "{5A850DF2-0ECE-4C12-B88F-D04A27D49E3A}"
EndProject
Global
	GlobalSection(SolutionConfigurationPlatforms) = preSolution
		Debug|.NET = Debug|.NET
		Release|.NET = Release|.NET
	EndGlobalSection
	GlobalSection(ProjectConfigurationPlatforms) = postSolution
		{5A850DF2-0ECE-4C12-B88F-D04A27D49E3A}.Debug|.NET.ActiveCfg = Debug|.NET
		{5A850DF2-0ECE-4C12-B88F-D04A27D49E3A}.Debug|.NET.Build.0 = Debug|.NET
		{5A850DF2-0ECE-4C12-B88F-D04A27D49E3A}.Release|.NET.ActiveCfg = Release|.NET
		{5A850DF2-0ECE-4C12-B88F-D04A27D49E3A}.Release|.NET.Build.0 = Release|.NET
	EndGlobalSection
	GlobalSection(SolutionProperties) = preSolution
		HideSolutionNode = FALSE
	EndGlobalSection
EndGlobal
